// !$*UTF8*$!
{
	archiveVersion = 1;
	classes = {
	};
	objectVersion = 56;
	objects = {

/* Begin PBXBuildFile section */
		04688BA228F808DD00A416A2 /* Memory.swift in Sources */ = {isa = PBXBuildFile; fileRef = 04688BA128F808DD00A416A2 /* Memory.swift */; };
		04688BA428F80BA000A416A2 /* Add.swift in Sources */ = {isa = PBXBuildFile; fileRef = 04688BA328F80BA000A416A2 /* Add.swift */; };
		04E8978A28ED893000A23106 /* WaddleApp.swift in Sources */ = {isa = PBXBuildFile; fileRef = 04E8978928ED893000A23106 /* WaddleApp.swift */; };
		04E8978C28ED893000A23106 /* ContentView.swift in Sources */ = {isa = PBXBuildFile; fileRef = 04E8978B28ED893000A23106 /* ContentView.swift */; };
		04E8978E28ED893100A23106 /* Assets.xcassets in Resources */ = {isa = PBXBuildFile; fileRef = 04E8978D28ED893100A23106 /* Assets.xcassets */; };
		04E8979228ED893100A23106 /* Preview Assets.xcassets in Resources */ = {isa = PBXBuildFile; fileRef = 04E8979128ED893100A23106 /* Preview Assets.xcassets */; };
		04E8979928EDCC0800A23106 /* Launch Screen.storyboard in Resources */ = {isa = PBXBuildFile; fileRef = 04E8979828EDCC0800A23106 /* Launch Screen.storyboard */; };
		04E8979C28EE06DA00A23106 /* ConcentricOnboarding in Frameworks */ = {isa = PBXBuildFile; productRef = 04E8979B28EE06DA00A23106 /* ConcentricOnboarding */; };
		04E897A128EE0AAB00A23106 /* MockData.swift in Sources */ = {isa = PBXBuildFile; fileRef = 04E897A028EE0AAB00A23106 /* MockData.swift */; };
		04E897A328EE0ADB00A23106 /* PageView.swift in Sources */ = {isa = PBXBuildFile; fileRef = 04E897A228EE0ADB00A23106 /* PageView.swift */; };
		04E897A628EEE5E800A23106 /* Login.swift in Sources */ = {isa = PBXBuildFile; fileRef = 04E897A528EEE5E800A23106 /* Login.swift */; };
		04E897A828EEE7A600A23106 /* Signup.swift in Sources */ = {isa = PBXBuildFile; fileRef = 04E897A728EEE7A600A23106 /* Signup.swift */; };
		04E897AA28EEEADE00A23106 /* Dashboard.swift in Sources */ = {isa = PBXBuildFile; fileRef = 04E897A928EEEADE00A23106 /* Dashboard.swift */; };
		04E897AC28EEEF9100A23106 /* WatchLink.swift in Sources */ = {isa = PBXBuildFile; fileRef = 04E897AB28EEEF9100A23106 /* WatchLink.swift */; };
		04E897AE28EEF61400A23106 /* Setup.swift in Sources */ = {isa = PBXBuildFile; fileRef = 04E897AD28EEF61400A23106 /* Setup.swift */; };
/* End PBXBuildFile section */

/* Begin PBXFileReference section */
		04688BA128F808DD00A416A2 /* Memory.swift */ = {isa = PBXFileReference; lastKnownFileType = sourcecode.swift; path = Memory.swift; sourceTree = "<group>"; };
		04688BA328F80BA000A416A2 /* Add.swift */ = {isa = PBXFileReference; lastKnownFileType = sourcecode.swift; path = Add.swift; sourceTree = "<group>"; };
		04E8978628ED893000A23106 /* Waddle.app */ = {isa = PBXFileReference; explicitFileType = wrapper.application; includeInIndex = 0; path = Waddle.app; sourceTree = BUILT_PRODUCTS_DIR; };
		04E8978928ED893000A23106 /* WaddleApp.swift */ = {isa = PBXFileReference; lastKnownFileType = sourcecode.swift; path = WaddleApp.swift; sourceTree = "<group>"; };
		04E8978B28ED893000A23106 /* ContentView.swift */ = {isa = PBXFileReference; lastKnownFileType = sourcecode.swift; path = ContentView.swift; sourceTree = "<group>"; };
		04E8978D28ED893100A23106 /* Assets.xcassets */ = {isa = PBXFileReference; lastKnownFileType = folder.assetcatalog; path = Assets.xcassets; sourceTree = "<group>"; };
		04E8978F28ED893100A23106 /* Waddle.entitlements */ = {isa = PBXFileReference; lastKnownFileType = text.plist.entitlements; path = Waddle.entitlements; sourceTree = "<group>"; };
		04E8979128ED893100A23106 /* Preview Assets.xcassets */ = {isa = PBXFileReference; lastKnownFileType = folder.assetcatalog; path = "Preview Assets.xcassets"; sourceTree = "<group>"; };
		04E8979828EDCC0800A23106 /* Launch Screen.storyboard */ = {isa = PBXFileReference; lastKnownFileType = file.storyboard; path = "Launch Screen.storyboard"; sourceTree = "<group>"; };
		04E897A028EE0AAB00A23106 /* MockData.swift */ = {isa = PBXFileReference; lastKnownFileType = sourcecode.swift; path = MockData.swift; sourceTree = "<group>"; };
		04E897A228EE0ADB00A23106 /* PageView.swift */ = {isa = PBXFileReference; lastKnownFileType = sourcecode.swift; path = PageView.swift; sourceTree = "<group>"; };
		04E897A528EEE5E800A23106 /* Login.swift */ = {isa = PBXFileReference; lastKnownFileType = sourcecode.swift; path = Login.swift; sourceTree = "<group>"; };
		04E897A728EEE7A600A23106 /* Signup.swift */ = {isa = PBXFileReference; lastKnownFileType = sourcecode.swift; path = Signup.swift; sourceTree = "<group>"; };
		04E897A928EEEADE00A23106 /* Dashboard.swift */ = {isa = PBXFileReference; lastKnownFileType = sourcecode.swift; path = Dashboard.swift; sourceTree = "<group>"; };
		04E897AB28EEEF9100A23106 /* WatchLink.swift */ = {isa = PBXFileReference; lastKnownFileType = sourcecode.swift; path = WatchLink.swift; sourceTree = "<group>"; };
		04E897AD28EEF61400A23106 /* Setup.swift */ = {isa = PBXFileReference; lastKnownFileType = sourcecode.swift; path = Setup.swift; sourceTree = "<group>"; };
/* End PBXFileReference section */

/* Begin PBXFrameworksBuildPhase section */
		04E8978328ED893000A23106 /* Frameworks */ = {
			isa = PBXFrameworksBuildPhase;
			buildActionMask = 2147483647;
			files = (
				04E8979C28EE06DA00A23106 /* ConcentricOnboarding in Frameworks */,
			);
			runOnlyForDeploymentPostprocessing = 0;
		};
/* End PBXFrameworksBuildPhase section */

/* Begin PBXGroup section */
		04E8977D28ED893000A23106 = {
			isa = PBXGroup;
			children = (
				04E8979828EDCC0800A23106 /* Launch Screen.storyboard */,
				04E8978828ED893000A23106 /* Waddle */,
				04E8978728ED893000A23106 /* Products */,
			);
			sourceTree = "<group>";
		};
		04E8978728ED893000A23106 /* Products */ = {
			isa = PBXGroup;
			children = (
				04E8978628ED893000A23106 /* Waddle.app */,
			);
			name = Products;
			sourceTree = "<group>";
		};
		04E8978828ED893000A23106 /* Waddle */ = {
			isa = PBXGroup;
			children = (
				04E897A428EEE5DD00A23106 /* Views */,
				04E8978928ED893000A23106 /* WaddleApp.swift */,
				04E8978B28ED893000A23106 /* ContentView.swift */,
				04E8978D28ED893100A23106 /* Assets.xcassets */,
				04E8978F28ED893100A23106 /* Waddle.entitlements */,
				04E8979028ED893100A23106 /* Preview Content */,
				04E897A028EE0AAB00A23106 /* MockData.swift */,
				04E897A228EE0ADB00A23106 /* PageView.swift */,
			);
			path = Waddle;
			sourceTree = "<group>";
		};
		04E8979028ED893100A23106 /* Preview Content */ = {
			isa = PBXGroup;
			children = (
				04E8979128ED893100A23106 /* Preview Assets.xcassets */,
			);
			path = "Preview Content";
			sourceTree = "<group>";
		};
		04E897A428EEE5DD00A23106 /* Views */ = {
			isa = PBXGroup;
			children = (
				04E897A528EEE5E800A23106 /* Login.swift */,
				04E897A728EEE7A600A23106 /* Signup.swift */,
				04E897A928EEEADE00A23106 /* Dashboard.swift */,
				04E897AB28EEEF9100A23106 /* WatchLink.swift */,
				04E897AD28EEF61400A23106 /* Setup.swift */,
				04688BA128F808DD00A416A2 /* Memory.swift */,
				04688BA328F80BA000A416A2 /* Add.swift */,
			);
			path = Views;
			sourceTree = "<group>";
		};
/* End PBXGroup section */

/* Begin PBXNativeTarget section */
		04E8978528ED893000A23106 /* Waddle */ = {
			isa = PBXNativeTarget;
			buildConfigurationList = 04E8979528ED893100A23106 /* Build configuration list for PBXNativeTarget "Waddle" */;
			buildPhases = (
				04E8978228ED893000A23106 /* Sources */,
				04E8978328ED893000A23106 /* Frameworks */,
				04E8978428ED893000A23106 /* Resources */,
			);
			buildRules = (
			);
			dependencies = (
			);
			name = Waddle;
			packageProductDependencies = (
				04E8979B28EE06DA00A23106 /* ConcentricOnboarding */,
			);
			productName = Waddle;
			productReference = 04E8978628ED893000A23106 /* Waddle.app */;
			productType = "com.apple.product-type.application";
		};
/* End PBXNativeTarget section */

/* Begin PBXProject section */
		04E8977E28ED893000A23106 /* Project object */ = {
			isa = PBXProject;
			attributes = {
				BuildIndependentTargetsInParallel = 1;
				LastSwiftUpdateCheck = 1400;
				LastUpgradeCheck = 1400;
				TargetAttributes = {
					04E8978528ED893000A23106 = {
						CreatedOnToolsVersion = 14.0.1;
					};
				};
			};
			buildConfigurationList = 04E8978128ED893000A23106 /* Build configuration list for PBXProject "Waddle" */;
			compatibilityVersion = "Xcode 14.0";
			developmentRegion = en;
			hasScannedForEncodings = 0;
			knownRegions = (
				en,
				Base,
			);
			mainGroup = 04E8977D28ED893000A23106;
			packageReferences = (
				04E8979A28EE06DA00A23106 /* XCRemoteSwiftPackageReference "ConcentricOnboarding" */,
			);
			productRefGroup = 04E8978728ED893000A23106 /* Products */;
			projectDirPath = "";
			projectRoot = "";
			targets = (
				04E8978528ED893000A23106 /* Waddle */,
			);
		};
/* End PBXProject section */

/* Begin PBXResourcesBuildPhase section */
		04E8978428ED893000A23106 /* Resources */ = {
			isa = PBXResourcesBuildPhase;
			buildActionMask = 2147483647;
			files = (
				04E8979928EDCC0800A23106 /* Launch Screen.storyboard in Resources */,
				04E8979228ED893100A23106 /* Preview Assets.xcassets in Resources */,
				04E8978E28ED893100A23106 /* Assets.xcassets in Resources */,
			);
			runOnlyForDeploymentPostprocessing = 0;
		};
/* End PBXResourcesBuildPhase section */

/* Begin PBXSourcesBuildPhase section */
		04E8978228ED893000A23106 /* Sources */ = {
			isa = PBXSourcesBuildPhase;
			buildActionMask = 2147483647;
			files = (
				04E897A128EE0AAB00A23106 /* MockData.swift in Sources */,
				04688BA428F80BA000A416A2 /* Add.swift in Sources */,
				04E897A628EEE5E800A23106 /* Login.swift in Sources */,
				04E897A328EE0ADB00A23106 /* PageView.swift in Sources */,
				04E8978C28ED893000A23106 /* ContentView.swift in Sources */,
				04E897AA28EEEADE00A23106 /* Dashboard.swift in Sources */,
				04E8978A28ED893000A23106 /* WaddleApp.swift in Sources */,
				04E897A828EEE7A600A23106 /* Signup.swift in Sources */,
				04E897AE28EEF61400A23106 /* Setup.swift in Sources */,
				04688BA228F808DD00A416A2 /* Memory.swift in Sources */,
				04E897AC28EEEF9100A23106 /* WatchLink.swift in Sources */,
			);
			runOnlyForDeploymentPostprocessing = 0;
		};
/* End PBXSourcesBuildPhase section */

/* Begin XCBuildConfiguration section */
		04E8979328ED893100A23106 /* Debug */ = {
			isa = XCBuildConfiguration;
			buildSettings = {
				ALWAYS_SEARCH_USER_PATHS = NO;
				CLANG_ANALYZER_NONNULL = YES;
				CLANG_ANALYZER_NUMBER_OBJECT_CONVERSION = YES_AGGRESSIVE;
				CLANG_CXX_LANGUAGE_STANDARD = "gnu++20";
				CLANG_ENABLE_MODULES = YES;
				CLANG_ENABLE_OBJC_ARC = YES;
				CLANG_ENABLE_OBJC_WEAK = YES;
				CLANG_WARN_BLOCK_CAPTURE_AUTORELEASING = YES;
				CLANG_WARN_BOOL_CONVERSION = YES;
				CLANG_WARN_COMMA = YES;
				CLANG_WARN_CONSTANT_CONVERSION = YES;
				CLANG_WARN_DEPRECATED_OBJC_IMPLEMENTATIONS = YES;
				CLANG_WARN_DIRECT_OBJC_ISA_USAGE = YES_ERROR;
				CLANG_WARN_DOCUMENTATION_COMMENTS = YES;
				CLANG_WARN_EMPTY_BODY = YES;
				CLANG_WARN_ENUM_CONVERSION = YES;
				CLANG_WARN_INFINITE_RECURSION = YES;
				CLANG_WARN_INT_CONVERSION = YES;
				CLANG_WARN_NON_LITERAL_NULL_CONVERSION = YES;
				CLANG_WARN_OBJC_IMPLICIT_RETAIN_SELF = YES;
				CLANG_WARN_OBJC_LITERAL_CONVERSION = YES;
				CLANG_WARN_OBJC_ROOT_CLASS = YES_ERROR;
				CLANG_WARN_QUOTED_INCLUDE_IN_FRAMEWORK_HEADER = YES;
				CLANG_WARN_RANGE_LOOP_ANALYSIS = YES;
				CLANG_WARN_STRICT_PROTOTYPES = YES;
				CLANG_WARN_SUSPICIOUS_MOVE = YES;
				CLANG_WARN_UNGUARDED_AVAILABILITY = YES_AGGRESSIVE;
				CLANG_WARN_UNREACHABLE_CODE = YES;
				CLANG_WARN__DUPLICATE_METHOD_MATCH = YES;
				COPY_PHASE_STRIP = NO;
				DEBUG_INFORMATION_FORMAT = dwarf;
				ENABLE_STRICT_OBJC_MSGSEND = YES;
				ENABLE_TESTABILITY = YES;
				GCC_C_LANGUAGE_STANDARD = gnu11;
				GCC_DYNAMIC_NO_PIC = NO;
				GCC_NO_COMMON_BLOCKS = YES;
				GCC_OPTIMIZATION_LEVEL = 0;
				GCC_PREPROCESSOR_DEFINITIONS = (
					"DEBUG=1",
					"$(inherited)",
				);
				GCC_WARN_64_TO_32_BIT_CONVERSION = YES;
				GCC_WARN_ABOUT_RETURN_TYPE = YES_ERROR;
				GCC_WARN_UNDECLARED_SELECTOR = YES;
				GCC_WARN_UNINITIALIZED_AUTOS = YES_AGGRESSIVE;
				GCC_WARN_UNUSED_FUNCTION = YES;
				GCC_WARN_UNUSED_VARIABLE = YES;
				MTL_ENABLE_DEBUG_INFO = INCLUDE_SOURCE;
				MTL_FAST_MATH = YES;
				ONLY_ACTIVE_ARCH = YES;
				SWIFT_ACTIVE_COMPILATION_CONDITIONS = DEBUG;
				SWIFT_OPTIMIZATION_LEVEL = "-Onone";
			};
			name = Debug;
		};
		04E8979428ED893100A23106 /* Release */ = {
			isa = XCBuildConfiguration;
			buildSettings = {
				ALWAYS_SEARCH_USER_PATHS = NO;
				CLANG_ANALYZER_NONNULL = YES;
				CLANG_ANALYZER_NUMBER_OBJECT_CONVERSION = YES_AGGRESSIVE;
				CLANG_CXX_LANGUAGE_STANDARD = "gnu++20";
				CLANG_ENABLE_MODULES = YES;
				CLANG_ENABLE_OBJC_ARC = YES;
				CLANG_ENABLE_OBJC_WEAK = YES;
				CLANG_WARN_BLOCK_CAPTURE_AUTORELEASING = YES;
				CLANG_WARN_BOOL_CONVERSION = YES;
				CLANG_WARN_COMMA = YES;
				CLANG_WARN_CONSTANT_CONVERSION = YES;
				CLANG_WARN_DEPRECATED_OBJC_IMPLEMENTATIONS = YES;
				CLANG_WARN_DIRECT_OBJC_ISA_USAGE = YES_ERROR;
				CLANG_WARN_DOCUMENTATION_COMMENTS = YES;
				CLANG_WARN_EMPTY_BODY = YES;
				CLANG_WARN_ENUM_CONVERSION = YES;
				CLANG_WARN_INFINITE_RECURSION = YES;
				CLANG_WARN_INT_CONVERSION = YES;
				CLANG_WARN_NON_LITERAL_NULL_CONVERSION = YES;
				CLANG_WARN_OBJC_IMPLICIT_RETAIN_SELF = YES;
				CLANG_WARN_OBJC_LITERAL_CONVERSION = YES;
				CLANG_WARN_OBJC_ROOT_CLASS = YES_ERROR;
				CLANG_WARN_QUOTED_INCLUDE_IN_FRAMEWORK_HEADER = YES;
				CLANG_WARN_RANGE_LOOP_ANALYSIS = YES;
				CLANG_WARN_STRICT_PROTOTYPES = YES;
				CLANG_WARN_SUSPICIOUS_MOVE = YES;
				CLANG_WARN_UNGUARDED_AVAILABILITY = YES_AGGRESSIVE;
				CLANG_WARN_UNREACHABLE_CODE = YES;
				CLANG_WARN__DUPLICATE_METHOD_MATCH = YES;
				COPY_PHASE_STRIP = NO;
				DEBUG_INFORMATION_FORMAT = "dwarf-with-dsym";
				ENABLE_NS_ASSERTIONS = NO;
				ENABLE_STRICT_OBJC_MSGSEND = YES;
				GCC_C_LANGUAGE_STANDARD = gnu11;
				GCC_NO_COMMON_BLOCKS = YES;
				GCC_WARN_64_TO_32_BIT_CONVERSION = YES;
				GCC_WARN_ABOUT_RETURN_TYPE = YES_ERROR;
				GCC_WARN_UNDECLARED_SELECTOR = YES;
				GCC_WARN_UNINITIALIZED_AUTOS = YES_AGGRESSIVE;
				GCC_WARN_UNUSED_FUNCTION = YES;
				GCC_WARN_UNUSED_VARIABLE = YES;
				MTL_ENABLE_DEBUG_INFO = NO;
				MTL_FAST_MATH = YES;
				SWIFT_COMPILATION_MODE = wholemodule;
				SWIFT_OPTIMIZATION_LEVEL = "-O";
			};
			name = Release;
		};
		04E8979628ED893100A23106 /* Debug */ = {
			isa = XCBuildConfiguration;
			buildSettings = {
				ASSETCATALOG_COMPILER_APPICON_NAME = AppIcon;
				ASSETCATALOG_COMPILER_GLOBAL_ACCENT_COLOR_NAME = AccentColor;
				CODE_SIGN_ENTITLEMENTS = Waddle/Waddle.entitlements;
				CODE_SIGN_STYLE = Automatic;
				CURRENT_PROJECT_VERSION = 1;
				DEVELOPMENT_ASSET_PATHS = "\"Waddle/Preview Content\"";
				DEVELOPMENT_TEAM = GV58N5RQL6;
				ENABLE_HARDENED_RUNTIME = YES;
				ENABLE_PREVIEWS = YES;
				GENERATE_INFOPLIST_FILE = YES;
				"INFOPLIST_KEY_UIApplicationSceneManifest_Generation[sdk=iphoneos*]" = YES;
				"INFOPLIST_KEY_UIApplicationSceneManifest_Generation[sdk=iphonesimulator*]" = YES;
				"INFOPLIST_KEY_UIApplicationSupportsIndirectInputEvents[sdk=iphoneos*]" = YES;
				"INFOPLIST_KEY_UIApplicationSupportsIndirectInputEvents[sdk=iphonesimulator*]" = YES;
				"INFOPLIST_KEY_UILaunchScreen_Generation[sdk=iphoneos*]" = YES;
				"INFOPLIST_KEY_UILaunchScreen_Generation[sdk=iphonesimulator*]" = YES;
				INFOPLIST_KEY_UILaunchStoryboardName = "Launch Screen.storyboard";
				"INFOPLIST_KEY_UIStatusBarStyle[sdk=iphoneos*]" = UIStatusBarStyleDefault;
				"INFOPLIST_KEY_UIStatusBarStyle[sdk=iphonesimulator*]" = UIStatusBarStyleDefault;
				INFOPLIST_KEY_UISupportedInterfaceOrientations_iPad = "UIInterfaceOrientationPortrait UIInterfaceOrientationPortraitUpsideDown UIInterfaceOrientationLandscapeLeft UIInterfaceOrientationLandscapeRight";
				INFOPLIST_KEY_UISupportedInterfaceOrientations_iPhone = "UIInterfaceOrientationPortrait UIInterfaceOrientationLandscapeLeft UIInterfaceOrientationLandscapeRight";
				IPHONEOS_DEPLOYMENT_TARGET = 16.0;
				LD_RUNPATH_SEARCH_PATHS = "@executable_path/Frameworks";
				"LD_RUNPATH_SEARCH_PATHS[sdk=macosx*]" = "@executable_path/../Frameworks";
				MACOSX_DEPLOYMENT_TARGET = 12.3;
				MARKETING_VERSION = 1.0;
				PRODUCT_BUNDLE_IDENTIFIER = com.openWindow.Waddle;
				PRODUCT_NAME = "$(TARGET_NAME)";
				SDKROOT = auto;
				SUPPORTED_PLATFORMS = "iphoneos iphonesimulator macosx";
				SWIFT_EMIT_LOC_STRINGS = YES;
				SWIFT_VERSION = 5.0;
				TARGETED_DEVICE_FAMILY = "1,2";
			};
			name = Debug;
		};
		04E8979728ED893100A23106 /* Release */ = {
			isa = XCBuildConfiguration;
			buildSettings = {
				ASSETCATALOG_COMPILER_APPICON_NAME = AppIcon;
				ASSETCATALOG_COMPILER_GLOBAL_ACCENT_COLOR_NAME = AccentColor;
				CODE_SIGN_ENTITLEMENTS = Waddle/Waddle.entitlements;
				CODE_SIGN_STYLE = Automatic;
				CURRENT_PROJECT_VERSION = 1;
				DEVELOPMENT_ASSET_PATHS = "\"Waddle/Preview Content\"";
				DEVELOPMENT_TEAM = GV58N5RQL6;
				ENABLE_HARDENED_RUNTIME = YES;
				ENABLE_PREVIEWS = YES;
				GENERATE_INFOPLIST_FILE = YES;
				"INFOPLIST_KEY_UIApplicationSceneManifest_Generation[sdk=iphoneos*]" = YES;
				"INFOPLIST_KEY_UIApplicationSceneManifest_Generation[sdk=iphonesimulator*]" = YES;
				"INFOPLIST_KEY_UIApplicationSupportsIndirectInputEvents[sdk=iphoneos*]" = YES;
				"INFOPLIST_KEY_UIApplicationSupportsIndirectInputEvents[sdk=iphonesimulator*]" = YES;
				"INFOPLIST_KEY_UILaunchScreen_Generation[sdk=iphoneos*]" = YES;
				"INFOPLIST_KEY_UILaunchScreen_Generation[sdk=iphonesimulator*]" = YES;
				INFOPLIST_KEY_UILaunchStoryboardName = "Launch Screen.storyboard";
				"INFOPLIST_KEY_UIStatusBarStyle[sdk=iphoneos*]" = UIStatusBarStyleDefault;
				"INFOPLIST_KEY_UIStatusBarStyle[sdk=iphonesimulator*]" = UIStatusBarStyleDefault;
				INFOPLIST_KEY_UISupportedInterfaceOrientations_iPad = "UIInterfaceOrientationPortrait UIInterfaceOrientationPortraitUpsideDown UIInterfaceOrientationLandscapeLeft UIInterfaceOrientationLandscapeRight";
				INFOPLIST_KEY_UISupportedInterfaceOrientations_iPhone = "UIInterfaceOrientationPortrait UIInterfaceOrientationLandscapeLeft UIInterfaceOrientationLandscapeRight";
				IPHONEOS_DEPLOYMENT_TARGET = 16.0;
				LD_RUNPATH_SEARCH_PATHS = "@executable_path/Frameworks";
				"LD_RUNPATH_SEARCH_PATHS[sdk=macosx*]" = "@executable_path/../Frameworks";
				MACOSX_DEPLOYMENT_TARGET = 12.3;
				MARKETING_VERSION = 1.0;
				PRODUCT_BUNDLE_IDENTIFIER = com.openWindow.Waddle;
				PRODUCT_NAME = "$(TARGET_NAME)";
				SDKROOT = auto;
				SUPPORTED_PLATFORMS = "iphoneos iphonesimulator macosx";
				SWIFT_EMIT_LOC_STRINGS = YES;
				SWIFT_VERSION = 5.0;
				TARGETED_DEVICE_FAMILY = "1,2";
			};
			name = Release;
		};
/* End XCBuildConfiguration section */

/* Begin XCConfigurationList section */
		04E8978128ED893000A23106 /* Build configuration list for PBXProject "Waddle" */ = {
			isa = XCConfigurationList;
			buildConfigurations = (
				04E8979328ED893100A23106 /* Debug */,
				04E8979428ED893100A23106 /* Release */,
			);
			defaultConfigurationIsVisible = 0;
			defaultConfigurationName = Release;
		};
		04E8979528ED893100A23106 /* Build configuration list for PBXNativeTarget "Waddle" */ = {
			isa = XCConfigurationList;
			buildConfigurations = (
				04E8979628ED893100A23106 /* Debug */,
				04E8979728ED893100A23106 /* Release */,
			);
			defaultConfigurationIsVisible = 0;
			defaultConfigurationName = Release;
		};
/* End XCConfigurationList section */

/* Begin XCRemoteSwiftPackageReference section */
		04E8979A28EE06DA00A23106 /* XCRemoteSwiftPackageReference "ConcentricOnboarding" */ = {
			isa = XCRemoteSwiftPackageReference;
			repositoryURL = "https://github.com/exyte/ConcentricOnboarding";
			requirement = {
				kind = upToNextMajorVersion;
				minimumVersion = 1.0.0;
			};
		};
/* End XCRemoteSwiftPackageReference section */

/* Begin XCSwiftPackageProductDependency section */
		04E8979B28EE06DA00A23106 /* ConcentricOnboarding */ = {
			isa = XCSwiftPackageProductDependency;
			package = 04E8979A28EE06DA00A23106 /* XCRemoteSwiftPackageReference "ConcentricOnboarding" */;
			productName = ConcentricOnboarding;
		};
/* End XCSwiftPackageProductDependency section */
	};
	rootObject = 04E8977E28ED893000A23106 /* Project object */;
}
